{
    "_meta": {
        "hash": {
            "sha256": "6948303ede873cf5183cc51c853d34431cad52df4839627479916a770c53bdae"
        },
        "pipfile-spec": 6,
        "requires": {
            "python_version": "3.8"
        },
        "sources": [
            {
                "name": "pypi",
                "url": "https://pypi.org/simple",
                "verify_ssl": true
            }
        ]
    },
    "default": {
        "beautifultable": {
            "hashes": [
                "sha256:8079a7b4179fbb5c0f61d8b3ddd036a1e2b9246d1725b2d2fcde214f9c69f61b",
                "sha256:d2c9ce84f93794d8f158b0c76effba968d08fd2b4acce306911fe78210654dd1"
            ],
            "index": "pypi",
            "version": "==1.0.1"
        },
        "wcwidth": {
            "hashes": [
                "sha256:beb4802a9cebb9144e99086eff703a642a13d6a0052920003a230f3294bbe784",
                "sha256:c4d647b99872929fdb7bdcaa4fbe7f01413ed3d98077df798530e5b04f116c83"
            ],
            "version": "==0.2.5"
        }
    },
    "develop": {}
}
